
Microsoft Visual Studio Solution File, Format Version 12.00
# Visual Studio Version 16
VisualStudioVersion = 16.0.29728.190
MinimumVisualStudioVersion = 10.0.40219.1
Project("{9A19103F-16F7-4668-BE54-9A1E7A4F7556}") = "OrderPreservingEncryptionDotNet", "OrderPreservingEncryptionDotNet\OrderPreservingEncryptionDotNet.csproj", "{FDCFF48C-AB38-4C3C-ACE8-8BA8412497CA}"
EndProject
Project("{9A19103F-16F7-4668-BE54-9A1E7A4F7556}") = "NUnitTestOPE", "NUnitTestOPE\NUnitTestOPE.csproj", "{127D14D6-E583-45C2-B0D9-E2740CD6CCF6}"
EndProject
Global
	GlobalSection(SolutionConfigurationPlatforms) = preSolution
		Debug|Any CPU = Debug|Any CPU
		Release|Any CPU = Release|Any CPU
	EndGlobalSection
	GlobalSection(ProjectConfigurationPlatforms) = postSolution
		{FDCFF48C-AB38-4C3C-ACE8-8BA8412497CA}.Debug|Any CPU.ActiveCfg = Debug|Any CPU
		{FDCFF48C-AB38-4C3C-ACE8-8BA8412497CA}.Debug|Any CPU.Build.0 = Debug|Any CPU
		{FDCFF48C-AB38-4C3C-ACE8-8BA8412497CA}.Release|Any CPU.ActiveCfg = Release|Any CPU
		{FDCFF48C-AB38-4C3C-ACE8-8BA8412497CA}.Release|Any CPU.Build.0 = Release|Any CPU
		{127D14D6-E583-45C2-B0D9-E2740CD6CCF6}.Debug|Any CPU.ActiveCfg = Debug|Any CPU
		{127D14D6-E583-45C2-B0D9-E2740CD6CCF6}.Debug|Any CPU.Build.0 = Debug|Any CPU
		{127D14D6-E583-45C2-B0D9-E2740CD6CCF6}.Release|Any CPU.ActiveCfg = Release|Any CPU
		{127D14D6-E583-45C2-B0D9-E2740CD6CCF6}.Release|Any CPU.Build.0 = Release|Any CPU
	EndGlobalSection
	GlobalSection(SolutionProperties) = preSolution
		HideSolutionNode = FALSE
	EndGlobalSection
	GlobalSection(ExtensibilityGlobals) = postSolution
		SolutionGuid = {E9DC8EA8-5487-4933-8524-847F697F5934}
	EndGlobalSection
EndGlobal
